
Microsoft Visual Studio Solution File, Format Version 12.00
# Visual Studio Version 16
VisualStudioVersion = 16.0.30320.27
MinimumVisualStudioVersion = 10.0.40219.1
Project("{FAE04EC0-301F-11D3-BF4B-00C04F79EFBC}") = "Libera_base", "Libera_base.csproj", "{678A7450-D165-4729-B148-4A45FCF30379}"
EndProject
Global
	GlobalSection(SolutionConfigurationPlatforms) = preSolution
		Debug|Any CPU = Debug|Any CPU
		Release|Any CPU = Release|Any CPU
	EndGlobalSection
	GlobalSection(ProjectConfigurationPlatforms) = postSolution
		{678A7450-D165-4729-B148-4A45FCF30379}.Debug|Any CPU.ActiveCfg = Debug|Any CPU
		{678A7450-D165-4729-B148-4A45FCF30379}.Debug|Any CPU.Build.0 = Debug|Any CPU
		{678A7450-D165-4729-B148-4A45FCF30379}.Release|Any CPU.ActiveCfg = Release|Any CPU
		{678A7450-D165-4729-B148-4A45FCF30379}.Release|Any CPU.Build.0 = Release|Any CPU
	EndGlobalSection
	GlobalSection(SolutionProperties) = preSolution
		HideSolutionNode = FALSE
	EndGlobalSection
	GlobalSection(ExtensibilityGlobals) = postSolution
		SolutionGuid = {29D2F49F-FADF-424F-96A3-2913FCFF40C9}
	EndGlobalSection
EndGlobal
